{
    "name": "textwrench-observer",
    "version": "4.19.0",
    "lockfileVersion": 3,
    "requires": true,
    "packages": {
        "": {
            "name": "textwrench-observer",
            "version": "4.19.0",
            "license": "MIT",
            "os": [
                "darwin"
            ]
        }
    }
}
